{
  "version": 4,
  "terraform_version": "1.5.7",
  "serial": 26,
  "lineage": "e1507f3e-1501-4a42-dd6a-a451ea5063f5",
  "outputs": {},
  "resources": [
    {
      "module": "module.cvm",
      "mode": "data",
      "type": "tencentcloud_availability_zones_by_product",
      "name": "default",
      "provider": "provider[\"registry.terraform.io/tencentcloudstack/tencentcloud\"]",
      "instances": [
        {
          "schema_version": 0,
          "attributes": {
            "id": "556068968",
            "include_unavailable": null,
            "name": null,
            "product": "cvm",
            "result_output_file": null,
            "zones": [
              {
                "description": "Guangzhou Zone 6",
                "id": "100006",
                "name": "ap-guangzhou-6",
                "state": "AVAILABLE"
              },
              {
                "description": "Guangzhou Zone 7",
                "id": "100007",
                "name": "ap-guangzhou-7",
                "state": "AVAILABLE"
              }
            ]
          },
          "sensitive_attributes": []
        }
      ]
    },
    {
      "module": "module.cvm",
      "mode": "data",
      "type": "tencentcloud_images",
      "name": "default",
      "provider": "provider[\"registry.terraform.io/tencentcloudstack/tencentcloud\"]",
      "instances": [
        {
          "schema_version": 0,
          "attributes": {
            "id": "2062346443",
            "image_id": null,
            "image_name_regex": null,
            "image_type": [
              "PUBLIC_IMAGE"
            ],
            "images": [
              {
                "architecture": "x86_64",
                "created_time": "",
                "image_creator": "",
                "image_description": "Ubuntu Server 24.04 LTS 64bit",
                "image_id": "img-mmytdhbn",
                "image_name": "Ubuntu Server 24.04 LTS 64bit",
                "image_size": 20,
                "image_source": "OFFICIAL",
                "image_state": "NORMAL",
                "image_type": "PUBLIC_IMAGE",
                "os_name": "Ubuntu Server 24.04 LTS 64bit",
                "platform": "Ubuntu",
                "snapshots": [],
                "support_cloud_init": true,
                "sync_percent": 0
              },
              {
                "architecture": "x86_64",
                "created_time": "",
                "image_creator": "",
                "image_description": "Ubuntu Server 22.04 LTS 64bit",
                "image_id": "img-487zeit5",
                "image_name": "Ubuntu Server 22.04 LTS 64bit",
                "image_size": 20,
                "image_source": "OFFICIAL",
                "image_state": "NORMAL",
                "image_type": "PUBLIC_IMAGE",
                "os_name": "Ubuntu Server 22.04 LTS 64bit",
                "platform": "Ubuntu",
                "snapshots": [],
                "support_cloud_init": true,
                "sync_percent": 0
              },
              {
                "architecture": "x86_64",
                "created_time": "",
                "image_creator": "",
                "image_description": "Ubuntu Server 22.04 LTS 64bit GRID16.2",
                "image_id": "img-fipweiwz",
                "image_name": "Ubuntu Server 22.04 LTS 64bit GRID16.2",
                "image_size": 20,
                "image_source": "OFFICIAL",
                "image_state": "NORMAL",
                "image_type": "PUBLIC_IMAGE",
                "os_name": "Ubuntu Server 22.04 LTS 64bit GRID16.2",
                "platform": "Ubuntu",
                "snapshots": [],
                "support_cloud_init": true,
                "sync_percent": 0
              },
              {
                "architecture": "x86_64",
                "created_time": "",
                "image_creator": "",
                "image_description": "Ubuntu Server 22.04 LTS 64bit UEFI版",
                "image_id": "img-7rotv4ux",
                "image_name": "Ubuntu Server 22.04 LTS 64bit UEFI版",
                "image_size": 20,
                "image_source": "OFFICIAL",
                "image_state": "NORMAL",
                "image_type": "PUBLIC_IMAGE",
                "os_name": "Ubuntu Server 22.04 LTS 64bit UEFI版",
                "platform": "Ubuntu",
                "snapshots": [],
                "support_cloud_init": true,
                "sync_percent": 0
              },
              {
                "architecture": "x86_64",
                "created_time": "",
                "image_creator": "",
                "image_description": "Ubuntu Server 22.04 LTS (TK4) 64bit UEFI版",
                "image_id": "img-gtti6pcv",
                "image_name": "Ubuntu Server 22.04 LTS (TK4) 64bit UEFI版",
                "image_size": 20,
                "image_source": "OFFICIAL",
                "image_state": "NORMAL",
                "image_type": "PUBLIC_IMAGE",
                "os_name": "Ubuntu Server 22.04 LTS (TK4) 64bit UEFI版",
                "platform": "Ubuntu",
                "snapshots": [],
                "support_cloud_init": true,
                "sync_percent": 0
              },
              {
                "architecture": "arm",
                "created_time": "",
                "image_creator": "",
                "image_description": "Ubuntu 22.04(arm64)",
                "image_id": "img-i17kwgfp",
                "image_name": "Ubuntu 22.04(arm64)",
                "image_size": 20,
                "image_source": "OFFICIAL",
                "image_state": "NORMAL",
                "image_type": "PUBLIC_IMAGE",
                "os_name": "Ubuntu 22.04(arm64)",
                "platform": "Ubuntu",
                "snapshots": [],
                "support_cloud_init": true,
                "sync_percent": 0
              },
              {
                "architecture": "x86_64",
                "created_time": "",
                "image_creator": "",
                "image_description": "Ubuntu Server 20.04 LTS 64bit",
                "image_id": "img-22trbn9x",
                "image_name": "Ubuntu Server 20.04 LTS 64bit",
                "image_size": 20,
                "image_source": "OFFICIAL",
                "image_state": "NORMAL",
                "image_type": "PUBLIC_IMAGE",
                "os_name": "Ubuntu Server 20.04 LTS 64bit",
                "platform": "Ubuntu",
                "snapshots": [],
                "support_cloud_init": true,
                "sync_percent": 0
              },
              {
                "architecture": "x86_64",
                "created_time": "",
                "image_creator": "",
                "image_description": "Ubuntu Server 20.04 LTS 64bit GRID16.2",
                "image_id": "img-rx55p5nv",
                "image_name": "Ubuntu Server 20.04 LTS 64bit GRID16.2",
                "image_size": 20,
                "image_source": "OFFICIAL",
                "image_state": "NORMAL",
                "image_type": "PUBLIC_IMAGE",
                "os_name": "Ubuntu Server 20.04 LTS 64bit GRID16.2",
                "platform": "Ubuntu",
                "snapshots": [],
                "support_cloud_init": true,
                "sync_percent": 0
              },
              {
                "architecture": "x86_64",
                "created_time": "",
                "image_creator": "",
                "image_description": "Ubuntu Server 20.04 LTS 64bit GRID11.1",
                "image_id": "img-j10l2cnz",
                "image_name": "Ubuntu Server 20.04 LTS 64bit GRID11.1",
                "image_size": 20,
                "image_source": "OFFICIAL",
                "image_state": "NORMAL",
                "image_type": "PUBLIC_IMAGE",
                "os_name": "Ubuntu Server 20.04 LTS 64bit GRID11.1",
                "platform": "Ubuntu",
                "snapshots": [],
                "support_cloud_init": true,
                "sync_percent": 0
              },
              {
                "architecture": "arm",
                "created_time": "",
                "image_creator": "",
                "image_description": "Ubuntu 20.04(arm64)",
                "image_id": "img-2eokmhf5",
                "image_name": "Ubuntu 20.04(arm64)",
                "image_size": 20,
                "image_source": "OFFICIAL",
                "image_state": "NORMAL",
                "image_type": "PUBLIC_IMAGE",
                "os_name": "Ubuntu 20.04(arm64)",
                "platform": "Ubuntu",
                "snapshots": [],
                "support_cloud_init": true,
                "sync_percent": 0
              },
              {
                "architecture": "x86_64",
                "created_time": "",
                "image_creator": "",
                "image_description": "Ubuntu Server 18.04 LTS 64bit",
                "image_id": "img-pi0ii46r",
                "image_name": "Ubuntu Server 18.04 LTS 64bit",
                "image_size": 20,
                "image_source": "OFFICIAL",
                "image_state": "NORMAL",
                "image_type": "PUBLIC_IMAGE",
                "os_name": "Ubuntu Server 18.04 LTS 64bit",
                "platform": "Ubuntu",
                "snapshots": [],
                "support_cloud_init": true,
                "sync_percent": 0
              },
              {
                "architecture": "arm",
                "created_time": "",
                "image_creator": "",
                "image_description": "Ubuntu 18.04(arm64)",
                "image_id": "img-9eh8c1p1",
                "image_name": "Ubuntu 18.04(arm64)",
                "image_size": 20,
                "image_source": "OFFICIAL",
                "image_state": "NORMAL",
                "image_type": "PUBLIC_IMAGE",
                "os_name": "Ubuntu 18.04(arm64)",
                "platform": "Ubuntu",
                "snapshots": [],
                "support_cloud_init": true,
                "sync_percent": 0
              },
              {
                "architecture": "x86_64",
                "created_time": "",
                "image_creator": "",
                "image_description": "Ubuntu Server 16.04 LTS 64bit",
                "image_id": "img-pyqx34y1",
                "image_name": "Ubuntu Server 16.04 LTS 64bit",
                "image_size": 20,
                "image_source": "OFFICIAL",
                "image_state": "NORMAL",
                "image_type": "PUBLIC_IMAGE",
                "os_name": "Ubuntu Server 16.04 LTS 64bit",
                "platform": "Ubuntu",
                "snapshots": [],
                "support_cloud_init": true,
                "sync_percent": 0
              },
              {
                "architecture": "i386",
                "created_time": "",
                "image_creator": "",
                "image_description": "Ubuntu Server 16.04 LTS 32bit",
                "image_id": "img-8u6dn6p1",
                "image_name": "Ubuntu Server 16.04 LTS 32bit",
                "image_size": 20,
                "image_source": "OFFICIAL",
                "image_state": "NORMAL",
                "image_type": "PUBLIC_IMAGE",
                "os_name": "Ubuntu Server 16.04 LTS 32bit",
                "platform": "Ubuntu",
                "snapshots": [],
                "support_cloud_init": true,
                "sync_percent": 0
              },
              {
                "architecture": "x86_64",
                "created_time": "",
                "image_creator": "",
                "image_description": "Ubuntu Server 14.04 LTS 64bit",
                "image_id": "img-3wnd9xpl",
                "image_name": "Ubuntu Server 14.04 LTS 64bit",
                "image_size": 20,
                "image_source": "OFFICIAL",
                "image_state": "NORMAL",
                "image_type": "PUBLIC_IMAGE",
                "os_name": "Ubuntu Server 14.04 LTS 64bit",
                "platform": "Ubuntu",
                "snapshots": [],
                "support_cloud_init": true,
                "sync_percent": 0
              },
              {
                "architecture": "i386",
                "created_time": "",
                "image_creator": "",
                "image_description": "Ubuntu Server 14.04 LTS 32bit",
                "image_id": "img-qpxvpujt",
                "image_name": "Ubuntu Server 14.04 LTS 32bit",
                "image_size": 50,
                "image_source": "OFFICIAL",
                "image_state": "NORMAL",
                "image_type": "PUBLIC_IMAGE",
                "os_name": "Ubuntu Server 14.04 LTS 32bit",
                "platform": "Ubuntu",
                "snapshots": [],
                "support_cloud_init": false,
                "sync_percent": 0
              }
            ],
            "instance_type": null,
            "os_name": "ubuntu",
            "result_output_file": null
          },
          "sensitive_attributes": []
        }
      ]
    },
    {
      "module": "module.cvm",
      "mode": "data",
      "type": "tencentcloud_instance_types",
      "name": "default",
      "provider": "provider[\"registry.terraform.io/tencentcloudstack/tencentcloud\"]",
      "instances": [
        {
          "schema_version": 0,
          "attributes": {
            "availability_zone": null,
            "cpu_core_count": 4,
            "exclude_sold_out": false,
            "filter": [
              {
                "name": "instance-family",
                "values": [
                  "S5"
                ]
              }
            ],
            "gpu_core_count": null,
            "id": "885476296",
            "instance_types": [
              {
                "availability_zone": "ap-guangzhou-6",
                "cpu_core_count": 4,
                "family": "S5",
                "gpu_core_count": 0,
                "instance_charge_type": "PREPAID",
                "instance_type": "S5.LARGE8",
                "memory_size": 8,
                "status": "SELL"
              },
              {
                "availability_zone": "ap-guangzhou-7",
                "cpu_core_count": 4,
                "family": "S5",
                "gpu_core_count": 0,
                "instance_charge_type": "PREPAID",
                "instance_type": "S5.LARGE8",
                "memory_size": 8,
                "status": "SELL"
              },
              {
                "availability_zone": "ap-guangzhou-6",
                "cpu_core_count": 4,
                "family": "S5",
                "gpu_core_count": 0,
                "instance_charge_type": "POSTPAID_BY_HOUR",
                "instance_type": "S5.LARGE8",
                "memory_size": 8,
                "status": "SELL"
              },
              {
                "availability_zone": "ap-guangzhou-7",
                "cpu_core_count": 4,
                "family": "S5",
                "gpu_core_count": 0,
                "instance_charge_type": "POSTPAID_BY_HOUR",
                "instance_type": "S5.LARGE8",
                "memory_size": 8,
                "status": "SELL"
              },
              {
                "availability_zone": "ap-guangzhou-6",
                "cpu_core_count": 4,
                "family": "S5",
                "gpu_core_count": 0,
                "instance_charge_type": "SPOTPAID",
                "instance_type": "S5.LARGE8",
                "memory_size": 8,
                "status": "SELL"
              },
              {
                "availability_zone": "ap-guangzhou-7",
                "cpu_core_count": 4,
                "family": "S5",
                "gpu_core_count": 0,
                "instance_charge_type": "SPOTPAID",
                "instance_type": "S5.LARGE8",
                "memory_size": 8,
                "status": "SELL"
              }
            ],
            "memory_size": 8,
            "result_output_file": null
          },
          "sensitive_attributes": []
        }
      ]
    },
    {
      "module": "module.cvm",
      "mode": "managed",
      "type": "tencentcloud_instance",
      "name": "web",
      "provider": "provider[\"registry.terraform.io/tencentcloudstack/tencentcloud\"]",
      "instances": [
        {
          "index_key": 0,
          "schema_version": 0,
          "attributes": {
            "allocate_public_ip": true,
            "availability_zone": "ap-guangzhou-6",
            "bandwidth_package_id": null,
            "cam_role_name": "",
            "cdh_host_id": null,
            "cdh_instance_type": null,
            "create_time": "2025-10-15T11:12:40Z",
            "data_disks": [],
            "disable_api_termination": false,
            "disable_monitor_service": false,
            "disable_security_service": false,
            "expired_time": "",
            "force_delete": false,
            "hostname": null,
            "id": "ins-cq9wy2jo",
            "image_id": "img-mmytdhbn",
            "instance_charge_type": "SPOTPAID",
            "instance_charge_type_prepaid_period": null,
            "instance_charge_type_prepaid_renew_flag": "",
            "instance_count": null,
            "instance_name": "web server",
            "instance_status": "RUNNING",
            "instance_type": "S5.LARGE8",
            "internet_charge_type": "TRAFFIC_POSTPAID_BY_HOUR",
            "internet_max_bandwidth_out": 100,
            "keep_image_login": null,
            "key_ids": [
              ""
            ],
            "key_name": "",
            "orderly_security_groups": [
              "sg-ovzjw7nn"
            ],
            "password": "MyVMPassw0rd!",
            "placement_group_id": null,
            "private_ip": "172.16.0.9",
            "project_id": 0,
            "public_ip": "129.204.60.39",
            "running_flag": true,
            "security_groups": [
              "sg-ovzjw7nn"
            ],
            "spot_instance_type": null,
            "spot_max_price": null,
            "stopped_mode": null,
            "subnet_id": "subnet-gbb0miie",
            "system_disk_id": "disk-n6nr0bl0",
            "system_disk_size": 50,
            "system_disk_type": "CLOUD_PREMIUM",
            "tags": null,
            "user_data": null,
            "user_data_raw": null,
            "vpc_id": "vpc-fum154e9"
          },
          "sensitive_attributes": [],
          "private": "bnVsbA==",
          "dependencies": [
            "module.cvm.data.tencentcloud_availability_zones_by_product.default",
            "module.cvm.data.tencentcloud_images.default",
            "module.cvm.data.tencentcloud_instance_types.default",
            "module.cvm.tencentcloud_security_group.default",
            "module.cvm.tencentcloud_security_group_lite_rule.default"
          ]
        }
      ]
    },
    {
      "module": "module.cvm",
      "mode": "managed",
      "type": "tencentcloud_security_group",
      "name": "default",
      "provider": "provider[\"registry.terraform.io/tencentcloudstack/tencentcloud\"]",
      "instances": [
        {
          "schema_version": 0,
          "attributes": {
            "description": "make it accessible for both production and stage ports",
            "id": "sg-ovzjw7nn",
            "name": "tf-security-group",
            "project_id": 0,
            "tags": null
          },
          "sensitive_attributes": [],
          "private": "bnVsbA=="
        }
      ]
    },
    {
      "module": "module.cvm",
      "mode": "managed",
      "type": "tencentcloud_security_group_lite_rule",
      "name": "default",
      "provider": "provider[\"registry.terraform.io/tencentcloudstack/tencentcloud\"]",
      "instances": [
        {
          "schema_version": 0,
          "attributes": {
            "egress": [
              "ACCEPT#0.0.0.0/0#ALL#ALL"
            ],
            "id": "sg-ovzjw7nn",
            "ingress": [
              "ACCEPT#0.0.0.0/0#22#TCP",
              "ACCEPT#0.0.0.0/0#6443#TCP"
            ],
            "security_group_id": "sg-ovzjw7nn"
          },
          "sensitive_attributes": [],
          "private": "bnVsbA==",
          "dependencies": [
            "module.cvm.tencentcloud_security_group.default"
          ]
        }
      ]
    }
  ],
  "check_results": null
}
